{
  "name": "miniprogram",
  "version": "1.0.0",
  "lockfileVersion": 2,
  "requires": true,
  "packages": {
    "": {
      "name": "miniprogram",
      "version": "1.0.0",
      "license": "ISC",
      "dependencies": {
        "@botue/wechat-http": "^0.0.4"
      }
    },
    "node_modules/@botue/wechat-http": {
      "version": "0.0.4",
      "resolved": "https://registry.npmjs.org/@botue/wechat-http/-/wechat-http-0.0.4.tgz",
      "integrity": "sha512-gYx6no263+F2GqEiIM7CL4dGTZHG2tMH/x6eTFwvunrA7DzZ6qnWVMLC4ZEBSLtuIjvr8v+XQXSXgizUx53AHg=="
    }
  },
  "dependencies": {
    "@botue/wechat-http": {
      "version": "0.0.4",
      "resolved": "https://registry.npmjs.org/@botue/wechat-http/-/wechat-http-0.0.4.tgz",
      "integrity": "sha512-gYx6no263+F2GqEiIM7CL4dGTZHG2tMH/x6eTFwvunrA7DzZ6qnWVMLC4ZEBSLtuIjvr8v+XQXSXgizUx53AHg=="
    }
  }
}
